
Microsoft Visual Studio Solution File, Format Version 12.00
# Visual Studio Version 17
VisualStudioVersion = 17.0.31912.275
MinimumVisualStudioVersion = 10.0.40219.1
Project("{FAE04EC0-301F-11D3-BF4B-00C04F79EFBC}") = "AdventOfCode2021", "AdventOfCode2021.csproj", "{D5B8A373-1591-4637-9C58-E180C511F3CF}"
EndProject
Project("{FAE04EC0-301F-11D3-BF4B-00C04F79EFBC}") = "Tests", "..\Tests\Tests.csproj", "{FA4109F1-3BCF-4F34-B95D-E063A36A497D}"
EndProject
Global
	GlobalSection(SolutionConfigurationPlatforms) = preSolution
		Debug|Any CPU = Debug|Any CPU
		Release|Any CPU = Release|Any CPU
	EndGlobalSection
	GlobalSection(ProjectConfigurationPlatforms) = postSolution
		{D5B8A373-1591-4637-9C58-E180C511F3CF}.Debug|Any CPU.ActiveCfg = Debug|Any CPU
		{D5B8A373-1591-4637-9C58-E180C511F3CF}.Debug|Any CPU.Build.0 = Debug|Any CPU
		{D5B8A373-1591-4637-9C58-E180C511F3CF}.Release|Any CPU.ActiveCfg = Release|Any CPU
		{D5B8A373-1591-4637-9C58-E180C511F3CF}.Release|Any CPU.Build.0 = Release|Any CPU
		{FA4109F1-3BCF-4F34-B95D-E063A36A497D}.Debug|Any CPU.ActiveCfg = Debug|Any CPU
		{FA4109F1-3BCF-4F34-B95D-E063A36A497D}.Debug|Any CPU.Build.0 = Debug|Any CPU
		{FA4109F1-3BCF-4F34-B95D-E063A36A497D}.Release|Any CPU.ActiveCfg = Release|Any CPU
		{FA4109F1-3BCF-4F34-B95D-E063A36A497D}.Release|Any CPU.Build.0 = Release|Any CPU
	EndGlobalSection
	GlobalSection(SolutionProperties) = preSolution
		HideSolutionNode = FALSE
	EndGlobalSection
	GlobalSection(ExtensibilityGlobals) = postSolution
		SolutionGuid = {0A9E71EE-01D9-408F-84DC-C149B694B2D5}
	EndGlobalSection
EndGlobal
